{
    "_readme": [
        "This file locks the dependencies of your project to a known state",
        "Read more about it at https://getcomposer.org/doc/01-basic-usage.md#composer-lock-the-lock-file",
        "This file is @generated automatically"
    ],
    "hash": "7d67416c3eb342b03536a2afcbe6cdf0",
    "packages": [
        {
            "name": "acuityscheduling/acuityscheduling",
            "version": "0.0.1",
            "source": {
                "type": "git",
                "url": "git@github.com:AcuityScheduling/acuity-php.git",
                "reference": "d69dee368441ca18a5438fefbc284e380b5f4b2b"
            },
            "require": {
                "ext-curl": "*",
                "php": ">=5.0.0"
            },
            "type": "library",
            "autoload": {
                "psr-0": {
                    "AcuityScheduling": "src/",
                    "AcuitySchedulingOAuth": "src/"
                }
            },
            "license": [
                "MIT"
            ],
            "authors": [
                {
                    "name": "Acuity Scheduling, Inc.",
                    "email": "developers@acuityscheduling.com",
                    "homepage": "https://developers.acuityscheduling.com/",
                    "role": "Developer"
                }
            ],
            "description": "Acuity Scheduling PHP SDK.  Examples and a standard library for Acuity Scheduling integration.",
            "homepage": "https://github.com/AcuityScheduling/acuity-php",
            "keywords": [
                "acuity",
                "acuity scheduling",
                "api",
                "oauth",
                "oauth2",
                "sdk"
            ],
            "support": {
                "email": "developers@acuityscheduling.com",
                "source": "https://github.com/AcuityScheduling/acuity-php",
                "issues": "https://github.com/AcuityScheduling/acuity-php/issues"
            },
            "time": "2015-08-18 23:22:29"
        }
    ],
    "packages-dev": [],
    "aliases": [],
    "minimum-stability": "stable",
    "stability-flags": [],
    "prefer-stable": false,
    "prefer-lowest": false,
    "platform": [],
    "platform-dev": []
}
