{
    "_readme": [
        "This file locks the dependencies of your project to a known state",
        "Read more about it at https://getcomposer.org/doc/01-basic-usage.md#composer-lock-the-lock-file",
        "This file is @generated automatically"
    ],
    "hash": "c060e785eb2dcb0d2094bb3b623fc62c",
    "packages": [
        {
            "name": "acuityscheduling/acuityscheduling",
            "version": "0.1.0",
            "source": {
                "type": "git",
                "url": "https://github.com/AcuityScheduling/acuity-php.git",
                "reference": "6857ce7245f59d5aeed318ee7a4f9690266159ce"
            },
            "dist": {
                "type": "zip",
                "url": "https://api.github.com/repos/AcuityScheduling/acuity-php/zipball/6857ce7245f59d5aeed318ee7a4f9690266159ce",
                "reference": "6857ce7245f59d5aeed318ee7a4f9690266159ce",
                "shasum": ""
            },
            "require": {
                "ext-curl": "*",
                "php": ">=5.0.0"
            },
            "type": "library",
            "autoload": {
                "psr-0": {
                    "AcuityScheduling": "src/",
                    "AcuitySchedulingOAuth": "src/"
                }
            },
            "notification-url": "https://packagist.org/downloads/",
            "license": [
                "MIT"
            ],
            "authors": [
                {
                    "name": "Acuity Scheduling, Inc.",
                    "email": "developers@acuityscheduling.com",
                    "homepage": "https://developers.acuityscheduling.com/",
                    "role": "Developer"
                }
            ],
            "description": "Acuity Scheduling PHP SDK.  Examples and a standard library for Acuity Scheduling integration.",
            "homepage": "https://github.com/AcuityScheduling/acuity-php",
            "keywords": [
                "acuity",
                "acuity scheduling",
                "api",
                "oauth",
                "oauth2",
                "sdk"
            ],
            "time": "2015-08-19 00:22:20"
        }
    ],
    "packages-dev": [],
    "aliases": [],
    "minimum-stability": "stable",
    "stability-flags": [],
    "prefer-stable": false,
    "prefer-lowest": false,
    "platform": [],
    "platform-dev": []
}
